
Microsoft Visual Studio Solution File, Format Version 12.00
# Visual Studio 15
VisualStudioVersion = 15.0.28307.168
MinimumVisualStudioVersion = 10.0.40219.1
Project("{FAE04EC0-301F-11D3-BF4B-00C04F79EFBC}") = "csd3354-1week05", "csd3354-1week05\csd3354-1week05.csproj", "{895F59C7-FA3B-4A0D-9570-E93193677489}"
EndProject
Global
	GlobalSection(SolutionConfigurationPlatforms) = preSolution
		Debug|Any CPU = Debug|Any CPU
		Release|Any CPU = Release|Any CPU
	EndGlobalSection
	GlobalSection(ProjectConfigurationPlatforms) = postSolution
		{895F59C7-FA3B-4A0D-9570-E93193677489}.Debug|Any CPU.ActiveCfg = Debug|Any CPU
		{895F59C7-FA3B-4A0D-9570-E93193677489}.Debug|Any CPU.Build.0 = Debug|Any CPU
		{895F59C7-FA3B-4A0D-9570-E93193677489}.Release|Any CPU.ActiveCfg = Release|Any CPU
		{895F59C7-FA3B-4A0D-9570-E93193677489}.Release|Any CPU.Build.0 = Release|Any CPU
	EndGlobalSection
	GlobalSection(SolutionProperties) = preSolution
		HideSolutionNode = FALSE
	EndGlobalSection
	GlobalSection(ExtensibilityGlobals) = postSolution
		SolutionGuid = {FD90B06F-14DE-4A45-9D64-26EF037446C1}
	EndGlobalSection
EndGlobal
